// !$*UTF8*$!
{
	archiveVersion = 1;
	classes = {
	};
	objectVersion = 46;
	objects = {

/* Begin PBXBuildFile section */
		05A915FED94572C8637A03B0 /* Pods_EarthquakeCounterTests.framework in Frameworks */ = {isa = PBXBuildFile; fileRef = 5774E4BE0AAD8AAB03A7D384 /* Pods_EarthquakeCounterTests.framework */; settings = {ATTRIBUTES = (Weak, ); }; };
		5A6765EC1BD366D500DFDDBE /* AppDelegate.swift in Sources */ = {isa = PBXBuildFile; fileRef = 5A6765EB1BD366D500DFDDBE /* AppDelegate.swift */; };
		5A6765EE1BD366D500DFDDBE /* ViewController.swift in Sources */ = {isa = PBXBuildFile; fileRef = 5A6765ED1BD366D500DFDDBE /* ViewController.swift */; };
		5A6765F11BD366D500DFDDBE /* Main.storyboard in Resources */ = {isa = PBXBuildFile; fileRef = 5A6765EF1BD366D500DFDDBE /* Main.storyboard */; };
		5A6765F31BD366D500DFDDBE /* Assets.xcassets in Resources */ = {isa = PBXBuildFile; fileRef = 5A6765F21BD366D500DFDDBE /* Assets.xcassets */; };
		5A6765F61BD366D500DFDDBE /* LaunchScreen.storyboard in Resources */ = {isa = PBXBuildFile; fileRef = 5A6765F41BD366D500DFDDBE /* LaunchScreen.storyboard */; };
		5A6766011BD366D500DFDDBE /* EarthquakeCounterTests.swift in Sources */ = {isa = PBXBuildFile; fileRef = 5A6766001BD366D500DFDDBE /* EarthquakeCounterTests.swift */; };
		5A67660C1BD366D500DFDDBE /* EarthquakeCounterUITests.swift in Sources */ = {isa = PBXBuildFile; fileRef = 5A67660B1BD366D500DFDDBE /* EarthquakeCounterUITests.swift */; };
		5A9315EE1BD3695E004768FA /* EarthquakeViewControllerSpec.swift in Sources */ = {isa = PBXBuildFile; fileRef = 5A9315ED1BD3695E004768FA /* EarthquakeViewControllerSpec.swift */; settings = {ASSET_TAGS = (); }; };
		88CC51FC24110257ABFB30DD /* Pods_EarthquakeCounterUITests.framework in Frameworks */ = {isa = PBXBuildFile; fileRef = 3C0974A61DAAFD1C1FE68430 /* Pods_EarthquakeCounterUITests.framework */; settings = {ATTRIBUTES = (Weak, ); }; };
/* End PBXBuildFile section */

/* Begin PBXContainerItemProxy section */
		5A6765FD1BD366D500DFDDBE /* PBXContainerItemProxy */ = {
			isa = PBXContainerItemProxy;
			containerPortal = 5A6765E01BD366D500DFDDBE /* Project object */;
			proxyType = 1;
			remoteGlobalIDString = 5A6765E71BD366D500DFDDBE;
			remoteInfo = EarthquakeCounter;
		};
		5A6766081BD366D500DFDDBE /* PBXContainerItemProxy */ = {
			isa = PBXContainerItemProxy;
			containerPortal = 5A6765E01BD366D500DFDDBE /* Project object */;
			proxyType = 1;
			remoteGlobalIDString = 5A6765E71BD366D500DFDDBE;
			remoteInfo = EarthquakeCounter;
		};
/* End PBXContainerItemProxy section */

/* Begin PBXFileReference section */
		3C0974A61DAAFD1C1FE68430 /* Pods_EarthquakeCounterUITests.framework */ = {isa = PBXFileReference; explicitFileType = wrapper.framework; includeInIndex = 0; path = Pods_EarthquakeCounterUITests.framework; sourceTree = BUILT_PRODUCTS_DIR; };
		5774E4BE0AAD8AAB03A7D384 /* Pods_EarthquakeCounterTests.framework */ = {isa = PBXFileReference; explicitFileType = wrapper.framework; includeInIndex = 0; path = Pods_EarthquakeCounterTests.framework; sourceTree = BUILT_PRODUCTS_DIR; };
		5A6765E81BD366D500DFDDBE /* EarthquakeCounter.app */ = {isa = PBXFileReference; explicitFileType = wrapper.application; includeInIndex = 0; path = EarthquakeCounter.app; sourceTree = BUILT_PRODUCTS_DIR; };
		5A6765EB1BD366D500DFDDBE /* AppDelegate.swift */ = {isa = PBXFileReference; lastKnownFileType = sourcecode.swift; path = AppDelegate.swift; sourceTree = "<group>"; };
		5A6765ED1BD366D500DFDDBE /* ViewController.swift */ = {isa = PBXFileReference; lastKnownFileType = sourcecode.swift; path = ViewController.swift; sourceTree = "<group>"; };
		5A6765F01BD366D500DFDDBE /* Base */ = {isa = PBXFileReference; lastKnownFileType = file.storyboard; name = Base; path = Base.lproj/Main.storyboard; sourceTree = "<group>"; };
		5A6765F21BD366D500DFDDBE /* Assets.xcassets */ = {isa = PBXFileReference; lastKnownFileType = folder.assetcatalog; path = Assets.xcassets; sourceTree = "<group>"; };
		5A6765F51BD366D500DFDDBE /* Base */ = {isa = PBXFileReference; lastKnownFileType = file.storyboard; name = Base; path = Base.lproj/LaunchScreen.storyboard; sourceTree = "<group>"; };
		5A6765F71BD366D500DFDDBE /* Info.plist */ = {isa = PBXFileReference; lastKnownFileType = text.plist.xml; path = Info.plist; sourceTree = "<group>"; };
		5A6765FC1BD366D500DFDDBE /* EarthquakeCounterTests.xctest */ = {isa = PBXFileReference; explicitFileType = wrapper.cfbundle; includeInIndex = 0; path = EarthquakeCounterTests.xctest; sourceTree = BUILT_PRODUCTS_DIR; };
		5A6766001BD366D500DFDDBE /* EarthquakeCounterTests.swift */ = {isa = PBXFileReference; lastKnownFileType = sourcecode.swift; path = EarthquakeCounterTests.swift; sourceTree = "<group>"; };
		5A6766021BD366D500DFDDBE /* Info.plist */ = {isa = PBXFileReference; lastKnownFileType = text.plist.xml; path = Info.plist; sourceTree = "<group>"; };
		5A6766071BD366D500DFDDBE /* EarthquakeCounterUITests.xctest */ = {isa = PBXFileReference; explicitFileType = wrapper.cfbundle; includeInIndex = 0; path = EarthquakeCounterUITests.xctest; sourceTree = BUILT_PRODUCTS_DIR; };
		5A67660B1BD366D500DFDDBE /* EarthquakeCounterUITests.swift */ = {isa = PBXFileReference; lastKnownFileType = sourcecode.swift; path = EarthquakeCounterUITests.swift; sourceTree = "<group>"; };
		5A67660D1BD366D500DFDDBE /* Info.plist */ = {isa = PBXFileReference; lastKnownFileType = text.plist.xml; path = Info.plist; sourceTree = "<group>"; };
		5A9315ED1BD3695E004768FA /* EarthquakeViewControllerSpec.swift */ = {isa = PBXFileReference; fileEncoding = 4; lastKnownFileType = sourcecode.swift; path = EarthquakeViewControllerSpec.swift; sourceTree = "<group>"; };
		81C910A968EA929A0B4A9EB2 /* Pods-EarthquakeCounterTests.debug.xcconfig */ = {isa = PBXFileReference; includeInIndex = 1; lastKnownFileType = text.xcconfig; name = "Pods-EarthquakeCounterTests.debug.xcconfig"; path = "Pods/Target Support Files/Pods-EarthquakeCounterTests/Pods-EarthquakeCounterTests.debug.xcconfig"; sourceTree = "<group>"; };
		84E9A7FAC85B3D69CDF4B3ED /* Pods-EarthquakeCounterUITests.debug.xcconfig */ = {isa = PBXFileReference; includeInIndex = 1; lastKnownFileType = text.xcconfig; name = "Pods-EarthquakeCounterUITests.debug.xcconfig"; path = "Pods/Target Support Files/Pods-EarthquakeCounterUITests/Pods-EarthquakeCounterUITests.debug.xcconfig"; sourceTree = "<group>"; };
		DCC27AA058734E8D50C89DAA /* Pods-EarthquakeCounterTests.release.xcconfig */ = {isa = PBXFileReference; includeInIndex = 1; lastKnownFileType = text.xcconfig; name = "Pods-EarthquakeCounterTests.release.xcconfig"; path = "Pods/Target Support Files/Pods-EarthquakeCounterTests/Pods-EarthquakeCounterTests.release.xcconfig"; sourceTree = "<group>"; };
		E6E3056FC7396BBFE2CC849D /* Pods-EarthquakeCounterUITests.release.xcconfig */ = {isa = PBXFileReference; includeInIndex = 1; lastKnownFileType = text.xcconfig; name = "Pods-EarthquakeCounterUITests.release.xcconfig"; path = "Pods/Target Support Files/Pods-EarthquakeCounterUITests/Pods-EarthquakeCounterUITests.release.xcconfig"; sourceTree = "<group>"; };
/* End PBXFileReference section */

/* Begin PBXFrameworksBuildPhase section */
		5A6765E51BD366D500DFDDBE /* Frameworks */ = {
			isa = PBXFrameworksBuildPhase;
			buildActionMask = 2147483647;
			files = (
			);
			runOnlyForDeploymentPostprocessing = 0;
		};
		5A6765F91BD366D500DFDDBE /* Frameworks */ = {
			isa = PBXFrameworksBuildPhase;
			buildActionMask = 2147483647;
			files = (
				05A915FED94572C8637A03B0 /* Pods_EarthquakeCounterTests.framework in Frameworks */,
			);
			runOnlyForDeploymentPostprocessing = 0;
		};
		5A6766041BD366D500DFDDBE /* Frameworks */ = {
			isa = PBXFrameworksBuildPhase;
			buildActionMask = 2147483647;
			files = (
				88CC51FC24110257ABFB30DD /* Pods_EarthquakeCounterUITests.framework in Frameworks */,
			);
			runOnlyForDeploymentPostprocessing = 0;
		};
/* End PBXFrameworksBuildPhase section */

/* Begin PBXGroup section */
		5A6765DF1BD366D500DFDDBE = {
			isa = PBXGroup;
			children = (
				5A6765EA1BD366D500DFDDBE /* EarthquakeCounter */,
				5A6765FF1BD366D500DFDDBE /* EarthquakeCounterTests */,
				5A67660A1BD366D500DFDDBE /* EarthquakeCounterUITests */,
				5A6765E91BD366D500DFDDBE /* Products */,
				828B0DF549E89B621604E0B8 /* Pods */,
				F91BA807CB1E1947BC41C7F8 /* Frameworks */,
			);
			sourceTree = "<group>";
		};
		5A6765E91BD366D500DFDDBE /* Products */ = {
			isa = PBXGroup;
			children = (
				5A6765E81BD366D500DFDDBE /* EarthquakeCounter.app */,
				5A6765FC1BD366D500DFDDBE /* EarthquakeCounterTests.xctest */,
				5A6766071BD366D500DFDDBE /* EarthquakeCounterUITests.xctest */,
			);
			name = Products;
			sourceTree = "<group>";
		};
		5A6765EA1BD366D500DFDDBE /* EarthquakeCounter */ = {
			isa = PBXGroup;
			children = (
				5A6765EB1BD366D500DFDDBE /* AppDelegate.swift */,
				5A6765ED1BD366D500DFDDBE /* ViewController.swift */,
				5A6765EF1BD366D500DFDDBE /* Main.storyboard */,
				5A6765F21BD366D500DFDDBE /* Assets.xcassets */,
				5A6765F41BD366D500DFDDBE /* LaunchScreen.storyboard */,
				5A6765F71BD366D500DFDDBE /* Info.plist */,
			);
			path = EarthquakeCounter;
			sourceTree = "<group>";
		};
		5A6765FF1BD366D500DFDDBE /* EarthquakeCounterTests */ = {
			isa = PBXGroup;
			children = (
				5A6766001BD366D500DFDDBE /* EarthquakeCounterTests.swift */,
				5A6766021BD366D500DFDDBE /* Info.plist */,
				5A9315ED1BD3695E004768FA /* EarthquakeViewControllerSpec.swift */,
			);
			path = EarthquakeCounterTests;
			sourceTree = "<group>";
		};
		5A67660A1BD366D500DFDDBE /* EarthquakeCounterUITests */ = {
			isa = PBXGroup;
			children = (
				5A67660B1BD366D500DFDDBE /* EarthquakeCounterUITests.swift */,
				5A67660D1BD366D500DFDDBE /* Info.plist */,
			);
			path = EarthquakeCounterUITests;
			sourceTree = "<group>";
		};
		828B0DF549E89B621604E0B8 /* Pods */ = {
			isa = PBXGroup;
			children = (
				81C910A968EA929A0B4A9EB2 /* Pods-EarthquakeCounterTests.debug.xcconfig */,
				DCC27AA058734E8D50C89DAA /* Pods-EarthquakeCounterTests.release.xcconfig */,
				84E9A7FAC85B3D69CDF4B3ED /* Pods-EarthquakeCounterUITests.debug.xcconfig */,
				E6E3056FC7396BBFE2CC849D /* Pods-EarthquakeCounterUITests.release.xcconfig */,
			);
			name = Pods;
			sourceTree = "<group>";
		};
		F91BA807CB1E1947BC41C7F8 /* Frameworks */ = {
			isa = PBXGroup;
			children = (
				5774E4BE0AAD8AAB03A7D384 /* Pods_EarthquakeCounterTests.framework */,
				3C0974A61DAAFD1C1FE68430 /* Pods_EarthquakeCounterUITests.framework */,
			);
			name = Frameworks;
			sourceTree = "<group>";
		};
/* End PBXGroup section */

/* Begin PBXNativeTarget section */
		5A6765E71BD366D500DFDDBE /* EarthquakeCounter */ = {
			isa = PBXNativeTarget;
			buildConfigurationList = 5A6766101BD366D500DFDDBE /* Build configuration list for PBXNativeTarget "EarthquakeCounter" */;
			buildPhases = (
				5A6765E41BD366D500DFDDBE /* Sources */,
				5A6765E51BD366D500DFDDBE /* Frameworks */,
				5A6765E61BD366D500DFDDBE /* Resources */,
			);
			buildRules = (
			);
			dependencies = (
			);
			name = EarthquakeCounter;
			productName = EarthquakeCounter;
			productReference = 5A6765E81BD366D500DFDDBE /* EarthquakeCounter.app */;
			productType = "com.apple.product-type.application";
		};
		5A6765FB1BD366D500DFDDBE /* EarthquakeCounterTests */ = {
			isa = PBXNativeTarget;
			buildConfigurationList = 5A6766131BD366D500DFDDBE /* Build configuration list for PBXNativeTarget "EarthquakeCounterTests" */;
			buildPhases = (
				D581E97EB02536F140B04BFE /* Check Pods Manifest.lock */,
				5A6765F81BD366D500DFDDBE /* Sources */,
				5A6765F91BD366D500DFDDBE /* Frameworks */,
				5A6765FA1BD366D500DFDDBE /* Resources */,
				80E41053CC91EBD81C42066A /* Embed Pods Frameworks */,
				A4F993E65AF89B09A2883742 /* Copy Pods Resources */,
			);
			buildRules = (
			);
			dependencies = (
				5A6765FE1BD366D500DFDDBE /* PBXTargetDependency */,
			);
			name = EarthquakeCounterTests;
			productName = EarthquakeCounterTests;
			productReference = 5A6765FC1BD366D500DFDDBE /* EarthquakeCounterTests.xctest */;
			productType = "com.apple.product-type.bundle.unit-test";
		};
		5A6766061BD366D500DFDDBE /* EarthquakeCounterUITests */ = {
			isa = PBXNativeTarget;
			buildConfigurationList = 5A6766161BD366D500DFDDBE /* Build configuration list for PBXNativeTarget "EarthquakeCounterUITests" */;
			buildPhases = (
				2A57C5D038A18C67A74FEAA7 /* Check Pods Manifest.lock */,
				5A6766031BD366D500DFDDBE /* Sources */,
				5A6766041BD366D500DFDDBE /* Frameworks */,
				5A6766051BD366D500DFDDBE /* Resources */,
				A4D9A91DF32D039C9C828AAB /* Embed Pods Frameworks */,
				71B167E4C73FC307DC951249 /* Copy Pods Resources */,
			);
			buildRules = (
			);
			dependencies = (
				5A6766091BD366D500DFDDBE /* PBXTargetDependency */,
			);
			name = EarthquakeCounterUITests;
			productName = EarthquakeCounterUITests;
			productReference = 5A6766071BD366D500DFDDBE /* EarthquakeCounterUITests.xctest */;
			productType = "com.apple.product-type.bundle.ui-testing";
		};
/* End PBXNativeTarget section */

/* Begin PBXProject section */
		5A6765E01BD366D500DFDDBE /* Project object */ = {
			isa = PBXProject;
			attributes = {
				LastUpgradeCheck = 0700;
				ORGANIZATIONNAME = "Rachel Bobbins";
				TargetAttributes = {
					5A6765E71BD366D500DFDDBE = {
						CreatedOnToolsVersion = 7.0.1;
					};
					5A6765FB1BD366D500DFDDBE = {
						CreatedOnToolsVersion = 7.0.1;
						TestTargetID = 5A6765E71BD366D500DFDDBE;
					};
					5A6766061BD366D500DFDDBE = {
						CreatedOnToolsVersion = 7.0.1;
						TestTargetID = 5A6765E71BD366D500DFDDBE;
					};
				};
			};
			buildConfigurationList = 5A6765E31BD366D500DFDDBE /* Build configuration list for PBXProject "EarthquakeCounter" */;
			compatibilityVersion = "Xcode 3.2";
			developmentRegion = English;
			hasScannedForEncodings = 0;
			knownRegions = (
				en,
				Base,
			);
			mainGroup = 5A6765DF1BD366D500DFDDBE;
			productRefGroup = 5A6765E91BD366D500DFDDBE /* Products */;
			projectDirPath = "";
			projectRoot = "";
			targets = (
				5A6765E71BD366D500DFDDBE /* EarthquakeCounter */,
				5A6765FB1BD366D500DFDDBE /* EarthquakeCounterTests */,
				5A6766061BD366D500DFDDBE /* EarthquakeCounterUITests */,
			);
		};
/* End PBXProject section */

/* Begin PBXResourcesBuildPhase section */
		5A6765E61BD366D500DFDDBE /* Resources */ = {
			isa = PBXResourcesBuildPhase;
			buildActionMask = 2147483647;
			files = (
				5A6765F61BD366D500DFDDBE /* LaunchScreen.storyboard in Resources */,
				5A6765F31BD366D500DFDDBE /* Assets.xcassets in Resources */,
				5A6765F11BD366D500DFDDBE /* Main.storyboard in Resources */,
			);
			runOnlyForDeploymentPostprocessing = 0;
		};
		5A6765FA1BD366D500DFDDBE /* Resources */ = {
			isa = PBXResourcesBuildPhase;
			buildActionMask = 2147483647;
			files = (
			);
			runOnlyForDeploymentPostprocessing = 0;
		};
		5A6766051BD366D500DFDDBE /* Resources */ = {
			isa = PBXResourcesBuildPhase;
			buildActionMask = 2147483647;
			files = (
			);
			runOnlyForDeploymentPostprocessing = 0;
		};
/* End PBXResourcesBuildPhase section */

/* Begin PBXShellScriptBuildPhase section */
		2A57C5D038A18C67A74FEAA7 /* Check Pods Manifest.lock */ = {
			isa = PBXShellScriptBuildPhase;
			buildActionMask = 2147483647;
			files = (
			);
			inputPaths = (
			);
			name = "Check Pods Manifest.lock";
			outputPaths = (
			);
			runOnlyForDeploymentPostprocessing = 0;
			shellPath = /bin/sh;
			shellScript = "diff \"${PODS_ROOT}/../Podfile.lock\" \"${PODS_ROOT}/Manifest.lock\" > /dev/null\nif [[ $? != 0 ]] ; then\n    cat << EOM\nerror: The sandbox is not in sync with the Podfile.lock. Run 'pod install' or update your CocoaPods installation.\nEOM\n    exit 1\nfi\n";
			showEnvVarsInLog = 0;
		};
		71B167E4C73FC307DC951249 /* Copy Pods Resources */ = {
			isa = PBXShellScriptBuildPhase;
			buildActionMask = 2147483647;
			files = (
			);
			inputPaths = (
			);
			name = "Copy Pods Resources";
			outputPaths = (
			);
			runOnlyForDeploymentPostprocessing = 0;
			shellPath = /bin/sh;
			shellScript = "\"${SRCROOT}/Pods/Target Support Files/Pods-EarthquakeCounterUITests/Pods-EarthquakeCounterUITests-resources.sh\"\n";
			showEnvVarsInLog = 0;
		};
		80E41053CC91EBD81C42066A /* Embed Pods Frameworks */ = {
			isa = PBXShellScriptBuildPhase;
			buildActionMask = 2147483647;
			files = (
			);
			inputPaths = (
			);
			name = "Embed Pods Frameworks";
			outputPaths = (
			);
			runOnlyForDeploymentPostprocessing = 0;
			shellPath = /bin/sh;
			shellScript = "\"${SRCROOT}/Pods/Target Support Files/Pods-EarthquakeCounterTests/Pods-EarthquakeCounterTests-frameworks.sh\"\n";
			showEnvVarsInLog = 0;
		};
		A4D9A91DF32D039C9C828AAB /* Embed Pods Frameworks */ = {
			isa = PBXShellScriptBuildPhase;
			buildActionMask = 2147483647;
			files = (
			);
			inputPaths = (
			);
			name = "Embed Pods Frameworks";
			outputPaths = (
			);
			runOnlyForDeploymentPostprocessing = 0;
			shellPath = /bin/sh;
			shellScript = "\"${SRCROOT}/Pods/Target Support Files/Pods-EarthquakeCounterUITests/Pods-EarthquakeCounterUITests-frameworks.sh\"\n";
			showEnvVarsInLog = 0;
		};
		A4F993E65AF89B09A2883742 /* Copy Pods Resources */ = {
			isa = PBXShellScriptBuildPhase;
			buildActionMask = 2147483647;
			files = (
			);
			inputPaths = (
			);
			name = "Copy Pods Resources";
			outputPaths = (
			);
			runOnlyForDeploymentPostprocessing = 0;
			shellPath = /bin/sh;
			shellScript = "\"${SRCROOT}/Pods/Target Support Files/Pods-EarthquakeCounterTests/Pods-EarthquakeCounterTests-resources.sh\"\n";
			showEnvVarsInLog = 0;
		};
		D581E97EB02536F140B04BFE /* Check Pods Manifest.lock */ = {
			isa = PBXShellScriptBuildPhase;
			buildActionMask = 2147483647;
			files = (
			);
			inputPaths = (
			);
			name = "Check Pods Manifest.lock";
			outputPaths = (
			);
			runOnlyForDeploymentPostprocessing = 0;
			shellPath = /bin/sh;
			shellScript = "diff \"${PODS_ROOT}/../Podfile.lock\" \"${PODS_ROOT}/Manifest.lock\" > /dev/null\nif [[ $? != 0 ]] ; then\n    cat << EOM\nerror: The sandbox is not in sync with the Podfile.lock. Run 'pod install' or update your CocoaPods installation.\nEOM\n    exit 1\nfi\n";
			showEnvVarsInLog = 0;
		};
/* End PBXShellScriptBuildPhase section */

/* Begin PBXSourcesBuildPhase section */
		5A6765E41BD366D500DFDDBE /* Sources */ = {
			isa = PBXSourcesBuildPhase;
			buildActionMask = 2147483647;
			files = (
				5A6765EE1BD366D500DFDDBE /* ViewController.swift in Sources */,
				5A6765EC1BD366D500DFDDBE /* AppDelegate.swift in Sources */,
			);
			runOnlyForDeploymentPostprocessing = 0;
		};
		5A6765F81BD366D500DFDDBE /* Sources */ = {
			isa = PBXSourcesBuildPhase;
			buildActionMask = 2147483647;
			files = (
				5A9315EE1BD3695E004768FA /* EarthquakeViewControllerSpec.swift in Sources */,
				5A6766011BD366D500DFDDBE /* EarthquakeCounterTests.swift in Sources */,
			);
			runOnlyForDeploymentPostprocessing = 0;
		};
		5A6766031BD366D500DFDDBE /* Sources */ = {
			isa = PBXSourcesBuildPhase;
			buildActionMask = 2147483647;
			files = (
				5A67660C1BD366D500DFDDBE /* EarthquakeCounterUITests.swift in Sources */,
			);
			runOnlyForDeploymentPostprocessing = 0;
		};
/* End PBXSourcesBuildPhase section */

/* Begin PBXTargetDependency section */
		5A6765FE1BD366D500DFDDBE /* PBXTargetDependency */ = {
			isa = PBXTargetDependency;
			target = 5A6765E71BD366D500DFDDBE /* EarthquakeCounter */;
			targetProxy = 5A6765FD1BD366D500DFDDBE /* PBXContainerItemProxy */;
		};
		5A6766091BD366D500DFDDBE /* PBXTargetDependency */ = {
			isa = PBXTargetDependency;
			target = 5A6765E71BD366D500DFDDBE /* EarthquakeCounter */;
			targetProxy = 5A6766081BD366D500DFDDBE /* PBXContainerItemProxy */;
		};
/* End PBXTargetDependency section */

/* Begin PBXVariantGroup section */
		5A6765EF1BD366D500DFDDBE /* Main.storyboard */ = {
			isa = PBXVariantGroup;
			children = (
				5A6765F01BD366D500DFDDBE /* Base */,
			);
			name = Main.storyboard;
			sourceTree = "<group>";
		};
		5A6765F41BD366D500DFDDBE /* LaunchScreen.storyboard */ = {
			isa = PBXVariantGroup;
			children = (
				5A6765F51BD366D500DFDDBE /* Base */,
			);
			name = LaunchScreen.storyboard;
			sourceTree = "<group>";
		};
/* End PBXVariantGroup section */

/* Begin XCBuildConfiguration section */
		5A67660E1BD366D500DFDDBE /* Debug */ = {
			isa = XCBuildConfiguration;
			buildSettings = {
				ALWAYS_SEARCH_USER_PATHS = NO;
				CLANG_CXX_LANGUAGE_STANDARD = "gnu++0x";
				CLANG_CXX_LIBRARY = "libc++";
				CLANG_ENABLE_MODULES = YES;
				CLANG_ENABLE_OBJC_ARC = YES;
				CLANG_WARN_BOOL_CONVERSION = YES;
				CLANG_WARN_CONSTANT_CONVERSION = YES;
				CLANG_WARN_DIRECT_OBJC_ISA_USAGE = YES_ERROR;
				CLANG_WARN_EMPTY_BODY = YES;
				CLANG_WARN_ENUM_CONVERSION = YES;
				CLANG_WARN_INT_CONVERSION = YES;
				CLANG_WARN_OBJC_ROOT_CLASS = YES_ERROR;
				CLANG_WARN_UNREACHABLE_CODE = YES;
				CLANG_WARN__DUPLICATE_METHOD_MATCH = YES;
				"CODE_SIGN_IDENTITY[sdk=iphoneos*]" = "iPhone Developer";
				COPY_PHASE_STRIP = NO;
				DEBUG_INFORMATION_FORMAT = dwarf;
				ENABLE_STRICT_OBJC_MSGSEND = YES;
				ENABLE_TESTABILITY = YES;
				GCC_C_LANGUAGE_STANDARD = gnu99;
				GCC_DYNAMIC_NO_PIC = NO;
				GCC_NO_COMMON_BLOCKS = YES;
				GCC_OPTIMIZATION_LEVEL = 0;
				GCC_PREPROCESSOR_DEFINITIONS = (
					"DEBUG=1",
					"$(inherited)",
				);
				GCC_WARN_64_TO_32_BIT_CONVERSION = YES;
				GCC_WARN_ABOUT_RETURN_TYPE = YES_ERROR;
				GCC_WARN_UNDECLARED_SELECTOR = YES;
				GCC_WARN_UNINITIALIZED_AUTOS = YES_AGGRESSIVE;
				GCC_WARN_UNUSED_FUNCTION = YES;
				GCC_WARN_UNUSED_VARIABLE = YES;
				IPHONEOS_DEPLOYMENT_TARGET = 9.0;
				MTL_ENABLE_DEBUG_INFO = YES;
				ONLY_ACTIVE_ARCH = YES;
				SDKROOT = iphoneos;
				SWIFT_OPTIMIZATION_LEVEL = "-Onone";
			};
			name = Debug;
		};
		5A67660F1BD366D500DFDDBE /* Release */ = {
			isa = XCBuildConfiguration;
			buildSettings = {
				ALWAYS_SEARCH_USER_PATHS = NO;
				CLANG_CXX_LANGUAGE_STANDARD = "gnu++0x";
				CLANG_CXX_LIBRARY = "libc++";
				CLANG_ENABLE_MODULES = YES;
				CLANG_ENABLE_OBJC_ARC = YES;
				CLANG_WARN_BOOL_CONVERSION = YES;
				CLANG_WARN_CONSTANT_CONVERSION = YES;
				CLANG_WARN_DIRECT_OBJC_ISA_USAGE = YES_ERROR;
				CLANG_WARN_EMPTY_BODY = YES;
				CLANG_WARN_ENUM_CONVERSION = YES;
				CLANG_WARN_INT_CONVERSION = YES;
				CLANG_WARN_OBJC_ROOT_CLASS = YES_ERROR;
				CLANG_WARN_UNREACHABLE_CODE = YES;
				CLANG_WARN__DUPLICATE_METHOD_MATCH = YES;
				"CODE_SIGN_IDENTITY[sdk=iphoneos*]" = "iPhone Developer";
				COPY_PHASE_STRIP = NO;
				DEBUG_INFORMATION_FORMAT = "dwarf-with-dsym";
				ENABLE_NS_ASSERTIONS = NO;
				ENABLE_STRICT_OBJC_MSGSEND = YES;
				GCC_C_LANGUAGE_STANDARD = gnu99;
				GCC_NO_COMMON_BLOCKS = YES;
				GCC_WARN_64_TO_32_BIT_CONVERSION = YES;
				GCC_WARN_ABOUT_RETURN_TYPE = YES_ERROR;
				GCC_WARN_UNDECLARED_SELECTOR = YES;
				GCC_WARN_UNINITIALIZED_AUTOS = YES_AGGRESSIVE;
				GCC_WARN_UNUSED_FUNCTION = YES;
				GCC_WARN_UNUSED_VARIABLE = YES;
				IPHONEOS_DEPLOYMENT_TARGET = 9.0;
				MTL_ENABLE_DEBUG_INFO = NO;
				SDKROOT = iphoneos;
				VALIDATE_PRODUCT = YES;
			};
			name = Release;
		};
		5A6766111BD366D500DFDDBE /* Debug */ = {
			isa = XCBuildConfiguration;
			buildSettings = {
				ASSETCATALOG_COMPILER_APPICON_NAME = AppIcon;
				DEFINES_MODULE = YES;
				INFOPLIST_FILE = EarthquakeCounter/Info.plist;
				LD_RUNPATH_SEARCH_PATHS = "$(inherited) @executable_path/Frameworks";
				PRODUCT_BUNDLE_IDENTIFIER = bobbypins.EarthquakeCounter;
				PRODUCT_NAME = "$(TARGET_NAME)";
			};
			name = Debug;
		};
		5A6766121BD366D500DFDDBE /* Release */ = {
			isa = XCBuildConfiguration;
			buildSettings = {
				ASSETCATALOG_COMPILER_APPICON_NAME = AppIcon;
				DEFINES_MODULE = YES;
				INFOPLIST_FILE = EarthquakeCounter/Info.plist;
				LD_RUNPATH_SEARCH_PATHS = "$(inherited) @executable_path/Frameworks";
				PRODUCT_BUNDLE_IDENTIFIER = bobbypins.EarthquakeCounter;
				PRODUCT_NAME = "$(TARGET_NAME)";
			};
			name = Release;
		};
		5A6766141BD366D500DFDDBE /* Debug */ = {
			isa = XCBuildConfiguration;
			baseConfigurationReference = 81C910A968EA929A0B4A9EB2 /* Pods-EarthquakeCounterTests.debug.xcconfig */;
			buildSettings = {
				BUNDLE_LOADER = "$(TEST_HOST)";
				INFOPLIST_FILE = EarthquakeCounterTests/Info.plist;
				LD_RUNPATH_SEARCH_PATHS = "$(inherited) @executable_path/Frameworks @loader_path/Frameworks";
				PRODUCT_BUNDLE_IDENTIFIER = bobbypins.EarthquakeCounterTests;
				PRODUCT_NAME = "$(TARGET_NAME)";
				TEST_HOST = "$(BUILT_PRODUCTS_DIR)/EarthquakeCounter.app/EarthquakeCounter";
			};
			name = Debug;
		};
		5A6766151BD366D500DFDDBE /* Release */ = {
			isa = XCBuildConfiguration;
			baseConfigurationReference = DCC27AA058734E8D50C89DAA /* Pods-EarthquakeCounterTests.release.xcconfig */;
			buildSettings = {
				BUNDLE_LOADER = "$(TEST_HOST)";
				INFOPLIST_FILE = EarthquakeCounterTests/Info.plist;
				LD_RUNPATH_SEARCH_PATHS = "$(inherited) @executable_path/Frameworks @loader_path/Frameworks";
				PRODUCT_BUNDLE_IDENTIFIER = bobbypins.EarthquakeCounterTests;
				PRODUCT_NAME = "$(TARGET_NAME)";
				TEST_HOST = "$(BUILT_PRODUCTS_DIR)/EarthquakeCounter.app/EarthquakeCounter";
			};
			name = Release;
		};
		5A6766171BD366D500DFDDBE /* Debug */ = {
			isa = XCBuildConfiguration;
			baseConfigurationReference = 84E9A7FAC85B3D69CDF4B3ED /* Pods-EarthquakeCounterUITests.debug.xcconfig */;
			buildSettings = {
				INFOPLIST_FILE = EarthquakeCounterUITests/Info.plist;
				LD_RUNPATH_SEARCH_PATHS = "$(inherited) @executable_path/Frameworks @loader_path/Frameworks";
				PRODUCT_BUNDLE_IDENTIFIER = bobbypins.EarthquakeCounterUITests;
				PRODUCT_NAME = "$(TARGET_NAME)";
				TEST_TARGET_NAME = EarthquakeCounter;
				USES_XCTRUNNER = YES;
			};
			name = Debug;
		};
		5A6766181BD366D500DFDDBE /* Release */ = {
			isa = XCBuildConfiguration;
			baseConfigurationReference = E6E3056FC7396BBFE2CC849D /* Pods-EarthquakeCounterUITests.release.xcconfig */;
			buildSettings = {
				INFOPLIST_FILE = EarthquakeCounterUITests/Info.plist;
				LD_RUNPATH_SEARCH_PATHS = "$(inherited) @executable_path/Frameworks @loader_path/Frameworks";
				PRODUCT_BUNDLE_IDENTIFIER = bobbypins.EarthquakeCounterUITests;
				PRODUCT_NAME = "$(TARGET_NAME)";
				TEST_TARGET_NAME = EarthquakeCounter;
				USES_XCTRUNNER = YES;
			};
			name = Release;
		};
/* End XCBuildConfiguration section */

/* Begin XCConfigurationList section */
		5A6765E31BD366D500DFDDBE /* Build configuration list for PBXProject "EarthquakeCounter" */ = {
			isa = XCConfigurationList;
			buildConfigurations = (
				5A67660E1BD366D500DFDDBE /* Debug */,
				5A67660F1BD366D500DFDDBE /* Release */,
			);
			defaultConfigurationIsVisible = 0;
			defaultConfigurationName = Release;
		};
		5A6766101BD366D500DFDDBE /* Build configuration list for PBXNativeTarget "EarthquakeCounter" */ = {
			isa = XCConfigurationList;
			buildConfigurations = (
				5A6766111BD366D500DFDDBE /* Debug */,
				5A6766121BD366D500DFDDBE /* Release */,
			);
			defaultConfigurationIsVisible = 0;
			defaultConfigurationName = Release;
		};
		5A6766131BD366D500DFDDBE /* Build configuration list for PBXNativeTarget "EarthquakeCounterTests" */ = {
			isa = XCConfigurationList;
			buildConfigurations = (
				5A6766141BD366D500DFDDBE /* Debug */,
				5A6766151BD366D500DFDDBE /* Release */,
			);
			defaultConfigurationIsVisible = 0;
			defaultConfigurationName = Release;
		};
		5A6766161BD366D500DFDDBE /* Build configuration list for PBXNativeTarget "EarthquakeCounterUITests" */ = {
			isa = XCConfigurationList;
			buildConfigurations = (
				5A6766171BD366D500DFDDBE /* Debug */,
				5A6766181BD366D500DFDDBE /* Release */,
			);
			defaultConfigurationIsVisible = 0;
			defaultConfigurationName = Release;
		};
/* End XCConfigurationList section */
	};
	rootObject = 5A6765E01BD366D500DFDDBE /* Project object */;
}
